
Microsoft Visual Studio Solution File, Format Version 12.00
# Visual Studio 14
VisualStudioVersion = 14.0.23107.0
MinimumVisualStudioVersion = 10.0.40219.1
Project("{FAE04EC0-301F-11D3-BF4B-00C04F79EFBC}") = "LoginExample", "LoginExample\LoginExample.csproj", "{C6B7001C-6DDF-46B5-91CD-5277C4A8A856}"
EndProject
Project("{FAE04EC0-301F-11D3-BF4B-00C04F79EFBC}") = "Gallery.Domain", "Gallery.Domain\Gallery.Domain.csproj", "{4774C459-2F32-4D39-89A6-D09FAB663916}"
EndProject
Global
	GlobalSection(SolutionConfigurationPlatforms) = preSolution
		Debug|Any CPU = Debug|Any CPU
		Release|Any CPU = Release|Any CPU
	EndGlobalSection
	GlobalSection(ProjectConfigurationPlatforms) = postSolution
		{C6B7001C-6DDF-46B5-91CD-5277C4A8A856}.Debug|Any CPU.ActiveCfg = Debug|Any CPU
		{C6B7001C-6DDF-46B5-91CD-5277C4A8A856}.Debug|Any CPU.Build.0 = Debug|Any CPU
		{C6B7001C-6DDF-46B5-91CD-5277C4A8A856}.Release|Any CPU.ActiveCfg = Release|Any CPU
		{C6B7001C-6DDF-46B5-91CD-5277C4A8A856}.Release|Any CPU.Build.0 = Release|Any CPU
		{4774C459-2F32-4D39-89A6-D09FAB663916}.Debug|Any CPU.ActiveCfg = Debug|Any CPU
		{4774C459-2F32-4D39-89A6-D09FAB663916}.Debug|Any CPU.Build.0 = Debug|Any CPU
		{4774C459-2F32-4D39-89A6-D09FAB663916}.Release|Any CPU.ActiveCfg = Release|Any CPU
		{4774C459-2F32-4D39-89A6-D09FAB663916}.Release|Any CPU.Build.0 = Release|Any CPU
	EndGlobalSection
	GlobalSection(SolutionProperties) = preSolution
		HideSolutionNode = FALSE
	EndGlobalSection
EndGlobal
